github.com/disintegration/gift v1.2.1 h1:Y005a1X4Z7Uc+0gLpSAsKhWi4qLtsdEcMIbbdvdZ6pc=
github.com/disintegration/gift v1.2.1/go.mod h1:Jh2i7f7Q2BM7Ezno3PhfezbR1xpUg9dUg3/RlKGr4HI=
github.com/karalabe/hid v1.0.0 h1:+/CIMNXhSU/zIJgnIvBD2nKHxS/bnRHhhs9xBryLpPo=
github.com/karalabe/hid v1.0.0/go.mod h1:Vr51f8rUOLYrfrWDFlV12GGQgM5AT8sVh+2fY4MPeu8=
github.com/karalabe/hid v1.0.1-0.20190806082151-9c14560f9ee8 h1:AP5krei6PpUCFOp20TSmxUS4YLoLvASBcArJqM/V+DY=
github.com/karalabe/hid v1.0.1-0.20190806082151-9c14560f9ee8/go.mod h1:Vr51f8rUOLYrfrWDFlV12GGQgM5AT8sVh+2fY4MPeu8=
